# THIS IS AN AUTOGENERATED FILE. DO NOT EDIT THIS FILE DIRECTLY.
# yarn lockfile v1


gitbook-plugin-disqus@^0.1.0:
  version "0.1.0"
  resolved "https://registry.yarnpkg.com/gitbook-plugin-disqus/-/gitbook-plugin-disqus-0.1.0.tgz#f6035f9c4987cf5fc9180e05a64435a678296ad6"

gitbook-plugin-github@^2.0.0:
  version "2.0.0"
  resolved "https://registry.yarnpkg.com/gitbook-plugin-github/-/gitbook-plugin-github-2.0.0.tgz#5166e763cfcc402d432880b7a6c85c1c54b56a8d"
